
Microsoft Visual Studio Solution File, Format Version 12.00
# Visual Studio Version 17
VisualStudioVersion = 17.6.33815.320
MinimumVisualStudioVersion = 10.0.40219.1
Project("{FAE04EC0-301F-11D3-BF4B-00C04F79EFBC}") = "ApiGateway", "ApiGateway.csproj", "{CEB41F75-0787-4CD1-9C59-CA42F7E76E87}"
EndProject
Global
	GlobalSection(SolutionConfigurationPlatforms) = preSolution
		Debug|Any CPU = Debug|Any CPU
		Release|Any CPU = Release|Any CPU
	EndGlobalSection
	GlobalSection(ProjectConfigurationPlatforms) = postSolution
		{CEB41F75-0787-4CD1-9C59-CA42F7E76E87}.Debug|Any CPU.ActiveCfg = Debug|Any CPU
		{CEB41F75-0787-4CD1-9C59-CA42F7E76E87}.Debug|Any CPU.Build.0 = Debug|Any CPU
		{CEB41F75-0787-4CD1-9C59-CA42F7E76E87}.Release|Any CPU.ActiveCfg = Release|Any CPU
		{CEB41F75-0787-4CD1-9C59-CA42F7E76E87}.Release|Any CPU.Build.0 = Release|Any CPU
	EndGlobalSection
	GlobalSection(SolutionProperties) = preSolution
		HideSolutionNode = FALSE
	EndGlobalSection
	GlobalSection(ExtensibilityGlobals) = postSolution
		SolutionGuid = {2B798F18-3719-42E5-88C4-CD9D7AADA4E0}
	EndGlobalSection
EndGlobal
